// !$*UTF8*$!
{
	archiveVersion = 1;
	classes = {
	};
	objectVersion = 46;
	objects = {

/* Begin PBXBuildFile section */
		0776C4C41CFF356700A967B6 /* AppDelegate.swift in Sources */ = {isa = PBXBuildFile; fileRef = 0776C4C31CFF356700A967B6 /* AppDelegate.swift */; };
		0776C4C61CFF356700A967B6 /* ViewController.swift in Sources */ = {isa = PBXBuildFile; fileRef = 0776C4C51CFF356700A967B6 /* ViewController.swift */; };
		0776C4C91CFF356700A967B6 /* Main.storyboard in Resources */ = {isa = PBXBuildFile; fileRef = 0776C4C71CFF356700A967B6 /* Main.storyboard */; };
		0776C4CB1CFF356700A967B6 /* Assets.xcassets in Resources */ = {isa = PBXBuildFile; fileRef = 0776C4CA1CFF356700A967B6 /* Assets.xcassets */; };
		0776C4CE1CFF356700A967B6 /* LaunchScreen.storyboard in Resources */ = {isa = PBXBuildFile; fileRef = 0776C4CC1CFF356700A967B6 /* LaunchScreen.storyboard */; };
		0776C4D91CFF356700A967B6 /* demoTests.swift in Sources */ = {isa = PBXBuildFile; fileRef = 0776C4D81CFF356700A967B6 /* demoTests.swift */; };
		0776C4E41CFF356700A967B6 /* demoUITests.swift in Sources */ = {isa = PBXBuildFile; fileRef = 0776C4E31CFF356700A967B6 /* demoUITests.swift */; };
/* End PBXBuildFile section */

/* Begin PBXContainerItemProxy section */
		0776C4D51CFF356700A967B6 /* PBXContainerItemProxy */ = {
			isa = PBXContainerItemProxy;
			containerPortal = 0776C4B81CFF356700A967B6 /* Project object */;
			proxyType = 1;
			remoteGlobalIDString = 0776C4BF1CFF356700A967B6;
			remoteInfo = demo;
		};
		0776C4E01CFF356700A967B6 /* PBXContainerItemProxy */ = {
			isa = PBXContainerItemProxy;
			containerPortal = 0776C4B81CFF356700A967B6 /* Project object */;
			proxyType = 1;
			remoteGlobalIDString = 0776C4BF1CFF356700A967B6;
			remoteInfo = demo;
		};
/* End PBXContainerItemProxy section */

/* Begin PBXFileReference section */
		0776C4C01CFF356700A967B6 /* demo.app */ = {isa = PBXFileReference; explicitFileType = wrapper.application; includeInIndex = 0; path = demo.app; sourceTree = BUILT_PRODUCTS_DIR; };
		0776C4C31CFF356700A967B6 /* AppDelegate.swift */ = {isa = PBXFileReference; lastKnownFileType = sourcecode.swift; path = AppDelegate.swift; sourceTree = "<group>"; };
		0776C4C51CFF356700A967B6 /* ViewController.swift */ = {isa = PBXFileReference; lastKnownFileType = sourcecode.swift; path = ViewController.swift; sourceTree = "<group>"; };
		0776C4C81CFF356700A967B6 /* Base */ = {isa = PBXFileReference; lastKnownFileType = file.storyboard; name = Base; path = Base.lproj/Main.storyboard; sourceTree = "<group>"; };
		0776C4CA1CFF356700A967B6 /* Assets.xcassets */ = {isa = PBXFileReference; lastKnownFileType = folder.assetcatalog; path = Assets.xcassets; sourceTree = "<group>"; };
		0776C4CD1CFF356700A967B6 /* Base */ = {isa = PBXFileReference; lastKnownFileType = file.storyboard; name = Base; path = Base.lproj/LaunchScreen.storyboard; sourceTree = "<group>"; };
		0776C4CF1CFF356700A967B6 /* Info.plist */ = {isa = PBXFileReference; lastKnownFileType = text.plist.xml; path = Info.plist; sourceTree = "<group>"; };
		0776C4D41CFF356700A967B6 /* demoTests.xctest */ = {isa = PBXFileReference; explicitFileType = wrapper.cfbundle; includeInIndex = 0; path = demoTests.xctest; sourceTree = BUILT_PRODUCTS_DIR; };
		0776C4D81CFF356700A967B6 /* demoTests.swift */ = {isa = PBXFileReference; lastKnownFileType = sourcecode.swift; path = demoTests.swift; sourceTree = "<group>"; };
		0776C4DA1CFF356700A967B6 /* Info.plist */ = {isa = PBXFileReference; lastKnownFileType = text.plist.xml; path = Info.plist; sourceTree = "<group>"; };
		0776C4DF1CFF356700A967B6 /* demoUITests.xctest */ = {isa = PBXFileReference; explicitFileType = wrapper.cfbundle; includeInIndex = 0; path = demoUITests.xctest; sourceTree = BUILT_PRODUCTS_DIR; };
		0776C4E31CFF356700A967B6 /* demoUITests.swift */ = {isa = PBXFileReference; lastKnownFileType = sourcecode.swift; path = demoUITests.swift; sourceTree = "<group>"; };
		0776C4E51CFF356700A967B6 /* Info.plist */ = {isa = PBXFileReference; lastKnownFileType = text.plist.xml; path = Info.plist; sourceTree = "<group>"; };
/* End PBXFileReference section */

/* Begin PBXFrameworksBuildPhase section */
		0776C4BD1CFF356700A967B6 /* Frameworks */ = {
			isa = PBXFrameworksBuildPhase;
			buildActionMask = 2147483647;
			files = (
			);
			runOnlyForDeploymentPostprocessing = 0;
		};
		0776C4D11CFF356700A967B6 /* Frameworks */ = {
			isa = PBXFrameworksBuildPhase;
			buildActionMask = 2147483647;
			files = (
			);
			runOnlyForDeploymentPostprocessing = 0;
		};
		0776C4DC1CFF356700A967B6 /* Frameworks */ = {
			isa = PBXFrameworksBuildPhase;
			buildActionMask = 2147483647;
			files = (
			);
			runOnlyForDeploymentPostprocessing = 0;
		};
/* End PBXFrameworksBuildPhase section */

/* Begin PBXGroup section */
		0776C4B71CFF356700A967B6 = {
			isa = PBXGroup;
			children = (
				0776C4C21CFF356700A967B6 /* demo */,
				0776C4D71CFF356700A967B6 /* demoTests */,
				0776C4E21CFF356700A967B6 /* demoUITests */,
				0776C4C11CFF356700A967B6 /* Products */,
			);
			sourceTree = "<group>";
		};
		0776C4C11CFF356700A967B6 /* Products */ = {
			isa = PBXGroup;
			children = (
				0776C4C01CFF356700A967B6 /* demo.app */,
				0776C4D41CFF356700A967B6 /* demoTests.xctest */,
				0776C4DF1CFF356700A967B6 /* demoUITests.xctest */,
			);
			name = Products;
			sourceTree = "<group>";
		};
		0776C4C21CFF356700A967B6 /* demo */ = {
			isa = PBXGroup;
			children = (
				0776C4C31CFF356700A967B6 /* AppDelegate.swift */,
				0776C4C51CFF356700A967B6 /* ViewController.swift */,
				0776C4C71CFF356700A967B6 /* Main.storyboard */,
				0776C4CA1CFF356700A967B6 /* Assets.xcassets */,
				0776C4CC1CFF356700A967B6 /* LaunchScreen.storyboard */,
				0776C4CF1CFF356700A967B6 /* Info.plist */,
			);
			path = demo;
			sourceTree = "<group>";
		};
		0776C4D71CFF356700A967B6 /* demoTests */ = {
			isa = PBXGroup;
			children = (
				0776C4D81CFF356700A967B6 /* demoTests.swift */,
				0776C4DA1CFF356700A967B6 /* Info.plist */,
			);
			path = demoTests;
			sourceTree = "<group>";
		};
		0776C4E21CFF356700A967B6 /* demoUITests */ = {
			isa = PBXGroup;
			children = (
				0776C4E31CFF356700A967B6 /* demoUITests.swift */,
				0776C4E51CFF356700A967B6 /* Info.plist */,
			);
			path = demoUITests;
			sourceTree = "<group>";
		};
/* End PBXGroup section */

/* Begin PBXNativeTarget section */
		0776C4BF1CFF356700A967B6 /* demo */ = {
			isa = PBXNativeTarget;
			buildConfigurationList = 0776C4E81CFF356700A967B6 /* Build configuration list for PBXNativeTarget "demo" */;
			buildPhases = (
				0776C4BC1CFF356700A967B6 /* Sources */,
				0776C4BD1CFF356700A967B6 /* Frameworks */,
				0776C4BE1CFF356700A967B6 /* Resources */,
			);
			buildRules = (
			);
			dependencies = (
			);
			name = demo;
			productName = demo;
			productReference = 0776C4C01CFF356700A967B6 /* demo.app */;
			productType = "com.apple.product-type.application";
		};
		0776C4D31CFF356700A967B6 /* demoTests */ = {
			isa = PBXNativeTarget;
			buildConfigurationList = 0776C4EB1CFF356700A967B6 /* Build configuration list for PBXNativeTarget "demoTests" */;
			buildPhases = (
				0776C4D01CFF356700A967B6 /* Sources */,
				0776C4D11CFF356700A967B6 /* Frameworks */,
				0776C4D21CFF356700A967B6 /* Resources */,
			);
			buildRules = (
			);
			dependencies = (
				0776C4D61CFF356700A967B6 /* PBXTargetDependency */,
			);
			name = demoTests;
			productName = demoTests;
			productReference = 0776C4D41CFF356700A967B6 /* demoTests.xctest */;
			productType = "com.apple.product-type.bundle.unit-test";
		};
		0776C4DE1CFF356700A967B6 /* demoUITests */ = {
			isa = PBXNativeTarget;
			buildConfigurationList = 0776C4EE1CFF356700A967B6 /* Build configuration list for PBXNativeTarget "demoUITests" */;
			buildPhases = (
				0776C4DB1CFF356700A967B6 /* Sources */,
				0776C4DC1CFF356700A967B6 /* Frameworks */,
				0776C4DD1CFF356700A967B6 /* Resources */,
			);
			buildRules = (
			);
			dependencies = (
				0776C4E11CFF356700A967B6 /* PBXTargetDependency */,
			);
			name = demoUITests;
			productName = demoUITests;
			productReference = 0776C4DF1CFF356700A967B6 /* demoUITests.xctest */;
			productType = "com.apple.product-type.bundle.ui-testing";
		};
/* End PBXNativeTarget section */

/* Begin PBXProject section */
		0776C4B81CFF356700A967B6 /* Project object */ = {
			isa = PBXProject;
			attributes = {
				LastSwiftUpdateCheck = 0730;
				LastUpgradeCheck = 0730;
				ORGANIZATIONNAME = "Bikash Mainali";
				TargetAttributes = {
					0776C4BF1CFF356700A967B6 = {
						CreatedOnToolsVersion = 7.3.1;
					};
					0776C4D31CFF356700A967B6 = {
						CreatedOnToolsVersion = 7.3.1;
						TestTargetID = 0776C4BF1CFF356700A967B6;
					};
					0776C4DE1CFF356700A967B6 = {
						CreatedOnToolsVersion = 7.3.1;
						TestTargetID = 0776C4BF1CFF356700A967B6;
					};
				};
			};
			buildConfigurationList = 0776C4BB1CFF356700A967B6 /* Build configuration list for PBXProject "demo" */;
			compatibilityVersion = "Xcode 3.2";
			developmentRegion = English;
			hasScannedForEncodings = 0;
			knownRegions = (
				en,
				Base,
			);
			mainGroup = 0776C4B71CFF356700A967B6;
			productRefGroup = 0776C4C11CFF356700A967B6 /* Products */;
			projectDirPath = "";
			projectRoot = "";
			targets = (
				0776C4BF1CFF356700A967B6 /* demo */,
				0776C4D31CFF356700A967B6 /* demoTests */,
				0776C4DE1CFF356700A967B6 /* demoUITests */,
			);
		};
/* End PBXProject section */

/* Begin PBXResourcesBuildPhase section */
		0776C4BE1CFF356700A967B6 /* Resources */ = {
			isa = PBXResourcesBuildPhase;
			buildActionMask = 2147483647;
			files = (
				0776C4CE1CFF356700A967B6 /* LaunchScreen.storyboard in Resources */,
				0776C4CB1CFF356700A967B6 /* Assets.xcassets in Resources */,
				0776C4C91CFF356700A967B6 /* Main.storyboard in Resources */,
			);
			runOnlyForDeploymentPostprocessing = 0;
		};
		0776C4D21CFF356700A967B6 /* Resources */ = {
			isa = PBXResourcesBuildPhase;
			buildActionMask = 2147483647;
			files = (
			);
			runOnlyForDeploymentPostprocessing = 0;
		};
		0776C4DD1CFF356700A967B6 /* Resources */ = {
			isa = PBXResourcesBuildPhase;
			buildActionMask = 2147483647;
			files = (
			);
			runOnlyForDeploymentPostprocessing = 0;
		};
/* End PBXResourcesBuildPhase section */

/* Begin PBXSourcesBuildPhase section */
		0776C4BC1CFF356700A967B6 /* Sources */ = {
			isa = PBXSourcesBuildPhase;
			buildActionMask = 2147483647;
			files = (
				0776C4C61CFF356700A967B6 /* ViewController.swift in Sources */,
				0776C4C41CFF356700A967B6 /* AppDelegate.swift in Sources */,
			);
			runOnlyForDeploymentPostprocessing = 0;
		};
		0776C4D01CFF356700A967B6 /* Sources */ = {
			isa = PBXSourcesBuildPhase;
			buildActionMask = 2147483647;
			files = (
				0776C4D91CFF356700A967B6 /* demoTests.swift in Sources */,
			);
			runOnlyForDeploymentPostprocessing = 0;
		};
		0776C4DB1CFF356700A967B6 /* Sources */ = {
			isa = PBXSourcesBuildPhase;
			buildActionMask = 2147483647;
			files = (
				0776C4E41CFF356700A967B6 /* demoUITests.swift in Sources */,
			);
			runOnlyForDeploymentPostprocessing = 0;
		};
/* End PBXSourcesBuildPhase section */

/* Begin PBXTargetDependency section */
		0776C4D61CFF356700A967B6 /* PBXTargetDependency */ = {
			isa = PBXTargetDependency;
			target = 0776C4BF1CFF356700A967B6 /* demo */;
			targetProxy = 0776C4D51CFF356700A967B6 /* PBXContainerItemProxy */;
		};
		0776C4E11CFF356700A967B6 /* PBXTargetDependency */ = {
			isa = PBXTargetDependency;
			target = 0776C4BF1CFF356700A967B6 /* demo */;
			targetProxy = 0776C4E01CFF356700A967B6 /* PBXContainerItemProxy */;
		};
/* End PBXTargetDependency section */

/* Begin PBXVariantGroup section */
		0776C4C71CFF356700A967B6 /* Main.storyboard */ = {
			isa = PBXVariantGroup;
			children = (
				0776C4C81CFF356700A967B6 /* Base */,
			);
			name = Main.storyboard;
			sourceTree = "<group>";
		};
		0776C4CC1CFF356700A967B6 /* LaunchScreen.storyboard */ = {
			isa = PBXVariantGroup;
			children = (
				0776C4CD1CFF356700A967B6 /* Base */,
			);
			name = LaunchScreen.storyboard;
			sourceTree = "<group>";
		};
/* End PBXVariantGroup section */

/* Begin XCBuildConfiguration section */
		0776C4E61CFF356700A967B6 /* Debug */ = {
			isa = XCBuildConfiguration;
			buildSettings = {
				ALWAYS_SEARCH_USER_PATHS = NO;
				CLANG_ANALYZER_NONNULL = YES;
				CLANG_CXX_LANGUAGE_STANDARD = "gnu++0x";
				CLANG_CXX_LIBRARY = "libc++";
				CLANG_ENABLE_MODULES = YES;
				CLANG_ENABLE_OBJC_ARC = YES;
				CLANG_WARN_BOOL_CONVERSION = YES;
				CLANG_WARN_CONSTANT_CONVERSION = YES;
				CLANG_WARN_DIRECT_OBJC_ISA_USAGE = YES_ERROR;
				CLANG_WARN_EMPTY_BODY = YES;
				CLANG_WARN_ENUM_CONVERSION = YES;
				CLANG_WARN_INT_CONVERSION = YES;
				CLANG_WARN_OBJC_ROOT_CLASS = YES_ERROR;
				CLANG_WARN_UNREACHABLE_CODE = YES;
				CLANG_WARN__DUPLICATE_METHOD_MATCH = YES;
				"CODE_SIGN_IDENTITY[sdk=iphoneos*]" = "iPhone Developer";
				COPY_PHASE_STRIP = NO;
				DEBUG_INFORMATION_FORMAT = dwarf;
				ENABLE_STRICT_OBJC_MSGSEND = YES;
				ENABLE_TESTABILITY = YES;
				GCC_C_LANGUAGE_STANDARD = gnu99;
				GCC_DYNAMIC_NO_PIC = NO;
				GCC_NO_COMMON_BLOCKS = YES;
				GCC_OPTIMIZATION_LEVEL = 0;
				GCC_PREPROCESSOR_DEFINITIONS = (
					"DEBUG=1",
					"$(inherited)",
				);
				GCC_WARN_64_TO_32_BIT_CONVERSION = YES;
				GCC_WARN_ABOUT_RETURN_TYPE = YES_ERROR;
				GCC_WARN_UNDECLARED_SELECTOR = YES;
				GCC_WARN_UNINITIALIZED_AUTOS = YES_AGGRESSIVE;
				GCC_WARN_UNUSED_FUNCTION = YES;
				GCC_WARN_UNUSED_VARIABLE = YES;
				IPHONEOS_DEPLOYMENT_TARGET = 9.3;
				MTL_ENABLE_DEBUG_INFO = YES;
				ONLY_ACTIVE_ARCH = YES;
				SDKROOT = iphoneos;
				SWIFT_OPTIMIZATION_LEVEL = "-Onone";
				TARGETED_DEVICE_FAMILY = "1,2";
			};
			name = Debug;
		};
		0776C4E71CFF356700A967B6 /* Release */ = {
			isa = XCBuildConfiguration;
			buildSettings = {
				ALWAYS_SEARCH_USER_PATHS = NO;
				CLANG_ANALYZER_NONNULL = YES;
				CLANG_CXX_LANGUAGE_STANDARD = "gnu++0x";
				CLANG_CXX_LIBRARY = "libc++";
				CLANG_ENABLE_MODULES = YES;
				CLANG_ENABLE_OBJC_ARC = YES;
				CLANG_WARN_BOOL_CONVERSION = YES;
				CLANG_WARN_CONSTANT_CONVERSION = YES;
				CLANG_WARN_DIRECT_OBJC_ISA_USAGE = YES_ERROR;
				CLANG_WARN_EMPTY_BODY = YES;
				CLANG_WARN_ENUM_CONVERSION = YES;
				CLANG_WARN_INT_CONVERSION = YES;
				CLANG_WARN_OBJC_ROOT_CLASS = YES_ERROR;
				CLANG_WARN_UNREACHABLE_CODE = YES;
				CLANG_WARN__DUPLICATE_METHOD_MATCH = YES;
				"CODE_SIGN_IDENTITY[sdk=iphoneos*]" = "iPhone Developer";
				COPY_PHASE_STRIP = NO;
				DEBUG_INFORMATION_FORMAT = "dwarf-with-dsym";
				ENABLE_NS_ASSERTIONS = NO;
				ENABLE_STRICT_OBJC_MSGSEND = YES;
				GCC_C_LANGUAGE_STANDARD = gnu99;
				GCC_NO_COMMON_BLOCKS = YES;
				GCC_WARN_64_TO_32_BIT_CONVERSION = YES;
				GCC_WARN_ABOUT_RETURN_TYPE = YES_ERROR;
				GCC_WARN_UNDECLARED_SELECTOR = YES;
				GCC_WARN_UNINITIALIZED_AUTOS = YES_AGGRESSIVE;
				GCC_WARN_UNUSED_FUNCTION = YES;
				GCC_WARN_UNUSED_VARIABLE = YES;
				IPHONEOS_DEPLOYMENT_TARGET = 9.3;
				MTL_ENABLE_DEBUG_INFO = NO;
				SDKROOT = iphoneos;
				TARGETED_DEVICE_FAMILY = "1,2";
				VALIDATE_PRODUCT = YES;
			};
			name = Release;
		};
		0776C4E91CFF356700A967B6 /* Debug */ = {
			isa = XCBuildConfiguration;
			buildSettings = {
				ASSETCATALOG_COMPILER_APPICON_NAME = AppIcon;
				INFOPLIST_FILE = demo/Info.plist;
				LD_RUNPATH_SEARCH_PATHS = "$(inherited) @executable_path/Frameworks";
				PRODUCT_BUNDLE_IDENTIFIER = com.biku.demo;
				PRODUCT_NAME = "$(TARGET_NAME)";
			};
			name = Debug;
		};
		0776C4EA1CFF356700A967B6 /* Release */ = {
			isa = XCBuildConfiguration;
			buildSettings = {
				ASSETCATALOG_COMPILER_APPICON_NAME = AppIcon;
				INFOPLIST_FILE = demo/Info.plist;
				LD_RUNPATH_SEARCH_PATHS = "$(inherited) @executable_path/Frameworks";
				PRODUCT_BUNDLE_IDENTIFIER = com.biku.demo;
				PRODUCT_NAME = "$(TARGET_NAME)";
			};
			name = Release;
		};
		0776C4EC1CFF356700A967B6 /* Debug */ = {
			isa = XCBuildConfiguration;
			buildSettings = {
				BUNDLE_LOADER = "$(TEST_HOST)";
				INFOPLIST_FILE = demoTests/Info.plist;
				LD_RUNPATH_SEARCH_PATHS = "$(inherited) @executable_path/Frameworks @loader_path/Frameworks";
				PRODUCT_BUNDLE_IDENTIFIER = com.biku.demoTests;
				PRODUCT_NAME = "$(TARGET_NAME)";
				TEST_HOST = "$(BUILT_PRODUCTS_DIR)/demo.app/demo";
			};
			name = Debug;
		};
		0776C4ED1CFF356700A967B6 /* Release */ = {
			isa = XCBuildConfiguration;
			buildSettings = {
				BUNDLE_LOADER = "$(TEST_HOST)";
				INFOPLIST_FILE = demoTests/Info.plist;
				LD_RUNPATH_SEARCH_PATHS = "$(inherited) @executable_path/Frameworks @loader_path/Frameworks";
				PRODUCT_BUNDLE_IDENTIFIER = com.biku.demoTests;
				PRODUCT_NAME = "$(TARGET_NAME)";
				TEST_HOST = "$(BUILT_PRODUCTS_DIR)/demo.app/demo";
			};
			name = Release;
		};
		0776C4EF1CFF356700A967B6 /* Debug */ = {
			isa = XCBuildConfiguration;
			buildSettings = {
				INFOPLIST_FILE = demoUITests/Info.plist;
				LD_RUNPATH_SEARCH_PATHS = "$(inherited) @executable_path/Frameworks @loader_path/Frameworks";
				PRODUCT_BUNDLE_IDENTIFIER = com.biku.demoUITests;
				PRODUCT_NAME = "$(TARGET_NAME)";
				TEST_TARGET_NAME = demo;
			};
			name = Debug;
		};
		0776C4F01CFF356700A967B6 /* Release */ = {
			isa = XCBuildConfiguration;
			buildSettings = {
				INFOPLIST_FILE = demoUITests/Info.plist;
				LD_RUNPATH_SEARCH_PATHS = "$(inherited) @executable_path/Frameworks @loader_path/Frameworks";
				PRODUCT_BUNDLE_IDENTIFIER = com.biku.demoUITests;
				PRODUCT_NAME = "$(TARGET_NAME)";
				TEST_TARGET_NAME = demo;
			};
			name = Release;
		};
/* End XCBuildConfiguration section */

/* Begin XCConfigurationList section */
		0776C4BB1CFF356700A967B6 /* Build configuration list for PBXProject "demo" */ = {
			isa = XCConfigurationList;
			buildConfigurations = (
				0776C4E61CFF356700A967B6 /* Debug */,
				0776C4E71CFF356700A967B6 /* Release */,
			);
			defaultConfigurationIsVisible = 0;
			defaultConfigurationName = Release;
		};
		0776C4E81CFF356700A967B6 /* Build configuration list for PBXNativeTarget "demo" */ = {
			isa = XCConfigurationList;
			buildConfigurations = (
				0776C4E91CFF356700A967B6 /* Debug */,
				0776C4EA1CFF356700A967B6 /* Release */,
			);
			defaultConfigurationIsVisible = 0;
		};
		0776C4EB1CFF356700A967B6 /* Build configuration list for PBXNativeTarget "demoTests" */ = {
			isa = XCConfigurationList;
			buildConfigurations = (
				0776C4EC1CFF356700A967B6 /* Debug */,
				0776C4ED1CFF356700A967B6 /* Release */,
			);
			defaultConfigurationIsVisible = 0;
		};
		0776C4EE1CFF356700A967B6 /* Build configuration list for PBXNativeTarget "demoUITests" */ = {
			isa = XCConfigurationList;
			buildConfigurations = (
				0776C4EF1CFF356700A967B6 /* Debug */,
				0776C4F01CFF356700A967B6 /* Release */,
			);
			defaultConfigurationIsVisible = 0;
		};
/* End XCConfigurationList section */
	};
	rootObject = 0776C4B81CFF356700A967B6 /* Project object */;
}
